
Microsoft Visual Studio Solution File, Format Version 12.00
# Visual Studio Version 17
VisualStudioVersion = 17.13.35931.197 d17.13
MinimumVisualStudioVersion = 10.0.40219.1
Project("{FAE04EC0-301F-11D3-BF4B-00C04F79EFBC}") = "Advanced Nutrition & Health", "Advanced Nutrition & Health.csproj", "{9295BACE-774A-4A03-9100-26B02D9AE70E}"
EndProject
Global
	GlobalSection(SolutionConfigurationPlatforms) = preSolution
		Debug|Any CPU = Debug|Any CPU
		Release|Any CPU = Release|Any CPU
	EndGlobalSection
	GlobalSection(ProjectConfigurationPlatforms) = postSolution
		{9295BACE-774A-4A03-9100-26B02D9AE70E}.Debug|Any CPU.ActiveCfg = Debug|Any CPU
		{9295BACE-774A-4A03-9100-26B02D9AE70E}.Debug|Any CPU.Build.0 = Debug|Any CPU
		{9295BACE-774A-4A03-9100-26B02D9AE70E}.Release|Any CPU.ActiveCfg = Release|Any CPU
		{9295BACE-774A-4A03-9100-26B02D9AE70E}.Release|Any CPU.Build.0 = Release|Any CPU
	EndGlobalSection
	GlobalSection(SolutionProperties) = preSolution
		HideSolutionNode = FALSE
	EndGlobalSection
	GlobalSection(ExtensibilityGlobals) = postSolution
		SolutionGuid = {5671BD5D-57FC-4113-9823-C3B4383C18F6}
	EndGlobalSection
EndGlobal
